
Microsoft Visual Studio Solution File, Format Version 12.00
# Visual Studio 15
VisualStudioVersion = 15.0.26730.15
MinimumVisualStudioVersion = 10.0.40219.1
Project("{9A19103F-16F7-4668-BE54-9A1E7A4F7556}") = "SchedulerBot", "SchedulerBot\SchedulerBot.csproj", "{5E482BF8-0E32-454F-8D81-749428AF9915}"
EndProject
Project("{9A19103F-16F7-4668-BE54-9A1E7A4F7556}") = "Domain", "Domain\Domain.csproj", "{3452EEC0-58E4-42C6-A8AE-B7C43754CB0E}"
EndProject
Project("{9A19103F-16F7-4668-BE54-9A1E7A4F7556}") = "DomainTests", "DomainTests\DomainTests.csproj", "{9BF8286E-1196-460D-8922-8A1F72580D4F}"
EndProject
Project("{9A19103F-16F7-4668-BE54-9A1E7A4F7556}") = "Infrastructure", "Infrastructure\Infrastructure.csproj", "{025862F4-708C-44BC-AC3D-E978941E23E9}"
EndProject
Project("{FAE04EC0-301F-11D3-BF4B-00C04F79EFBC}") = "InfrastructureTests", "InfrastructureTests\InfrastructureTests.csproj", "{18BBA721-3D23-4454-B8AA-2B7CF4B44926}"
EndProject
Global
	GlobalSection(SolutionConfigurationPlatforms) = preSolution
		Debug|Any CPU = Debug|Any CPU
		Release|Any CPU = Release|Any CPU
	EndGlobalSection
	GlobalSection(ProjectConfigurationPlatforms) = postSolution
		{5E482BF8-0E32-454F-8D81-749428AF9915}.Debug|Any CPU.ActiveCfg = Debug|Any CPU
		{5E482BF8-0E32-454F-8D81-749428AF9915}.Debug|Any CPU.Build.0 = Debug|Any CPU
		{5E482BF8-0E32-454F-8D81-749428AF9915}.Release|Any CPU.ActiveCfg = Release|Any CPU
		{5E482BF8-0E32-454F-8D81-749428AF9915}.Release|Any CPU.Build.0 = Release|Any CPU
		{3452EEC0-58E4-42C6-A8AE-B7C43754CB0E}.Debug|Any CPU.ActiveCfg = Debug|Any CPU
		{3452EEC0-58E4-42C6-A8AE-B7C43754CB0E}.Debug|Any CPU.Build.0 = Debug|Any CPU
		{3452EEC0-58E4-42C6-A8AE-B7C43754CB0E}.Release|Any CPU.ActiveCfg = Release|Any CPU
		{3452EEC0-58E4-42C6-A8AE-B7C43754CB0E}.Release|Any CPU.Build.0 = Release|Any CPU
		{9BF8286E-1196-460D-8922-8A1F72580D4F}.Debug|Any CPU.ActiveCfg = Debug|Any CPU
		{9BF8286E-1196-460D-8922-8A1F72580D4F}.Debug|Any CPU.Build.0 = Debug|Any CPU
		{9BF8286E-1196-460D-8922-8A1F72580D4F}.Release|Any CPU.ActiveCfg = Release|Any CPU
		{9BF8286E-1196-460D-8922-8A1F72580D4F}.Release|Any CPU.Build.0 = Release|Any CPU
		{025862F4-708C-44BC-AC3D-E978941E23E9}.Debug|Any CPU.ActiveCfg = Debug|Any CPU
		{025862F4-708C-44BC-AC3D-E978941E23E9}.Debug|Any CPU.Build.0 = Debug|Any CPU
		{025862F4-708C-44BC-AC3D-E978941E23E9}.Release|Any CPU.ActiveCfg = Release|Any CPU
		{025862F4-708C-44BC-AC3D-E978941E23E9}.Release|Any CPU.Build.0 = Release|Any CPU
		{18BBA721-3D23-4454-B8AA-2B7CF4B44926}.Debug|Any CPU.ActiveCfg = Debug|Any CPU
		{18BBA721-3D23-4454-B8AA-2B7CF4B44926}.Debug|Any CPU.Build.0 = Debug|Any CPU
		{18BBA721-3D23-4454-B8AA-2B7CF4B44926}.Release|Any CPU.ActiveCfg = Release|Any CPU
		{18BBA721-3D23-4454-B8AA-2B7CF4B44926}.Release|Any CPU.Build.0 = Release|Any CPU
	EndGlobalSection
	GlobalSection(SolutionProperties) = preSolution
		HideSolutionNode = FALSE
	EndGlobalSection
	GlobalSection(ExtensibilityGlobals) = postSolution
		SolutionGuid = {7DF44FEC-BC2C-4767-B7D2-AA5810C3201E}
	EndGlobalSection
EndGlobal
